// !$*UTF8*$!
{
	archiveVersion = 1;
	classes = {
	};
	objectVersion = 56;
	objects = {

/* Begin PBXBuildFile section */
		C371BFDE290FF358001772FB /* AppDelegate.swift in Sources */ = {isa = PBXBuildFile; fileRef = C371BFDD290FF358001772FB /* AppDelegate.swift */; };
		C371BFE0290FF358001772FB /* SceneDelegate.swift in Sources */ = {isa = PBXBuildFile; fileRef = C371BFDF290FF358001772FB /* SceneDelegate.swift */; };
		C371BFE5290FF358001772FB /* Main.storyboard in Resources */ = {isa = PBXBuildFile; fileRef = C371BFE3290FF358001772FB /* Main.storyboard */; };
		C371BFE7290FF359001772FB /* Assets.xcassets in Resources */ = {isa = PBXBuildFile; fileRef = C371BFE6290FF359001772FB /* Assets.xcassets */; };
		C371BFEA290FF359001772FB /* LaunchScreen.storyboard in Resources */ = {isa = PBXBuildFile; fileRef = C371BFE8290FF359001772FB /* LaunchScreen.storyboard */; };
		C371BFF8290FF3C3001772FB /* Explan in Resources */ = {isa = PBXBuildFile; fileRef = C371BFF7290FF3C3001772FB /* Explan */; };
		C371BFFA290FF3E8001772FB /* BaseView.swift in Sources */ = {isa = PBXBuildFile; fileRef = C371BFF9290FF3E8001772FB /* BaseView.swift */; };
		C371BFFC290FF3F5001772FB /* BaseViewController.swift in Sources */ = {isa = PBXBuildFile; fileRef = C371BFFB290FF3F5001772FB /* BaseViewController.swift */; };
		C371BFFF290FF413001772FB /* SnapKit in Frameworks */ = {isa = PBXBuildFile; productRef = C371BFFE290FF413001772FB /* SnapKit */; };
		C371C002290FF443001772FB /* Realm in Frameworks */ = {isa = PBXBuildFile; productRef = C371C001290FF443001772FB /* Realm */; };
		C371C004290FF443001772FB /* RealmSwift in Frameworks */ = {isa = PBXBuildFile; productRef = C371C003290FF443001772FB /* RealmSwift */; };
		C371C006290FF6BF001772FB /* MemoMainViewController.swift in Sources */ = {isa = PBXBuildFile; fileRef = C371C005290FF6BF001772FB /* MemoMainViewController.swift */; };
		C371C008290FF6C6001772FB /* MemoMainView.swift in Sources */ = {isa = PBXBuildFile; fileRef = C371C007290FF6C6001772FB /* MemoMainView.swift */; };
		C371C00A290FF77C001772FB /* Observable.swift in Sources */ = {isa = PBXBuildFile; fileRef = C371C009290FF77C001772FB /* Observable.swift */; };
		C371C00C290FF79A001772FB /* MainViewModel.swift in Sources */ = {isa = PBXBuildFile; fileRef = C371C00B290FF79A001772FB /* MainViewModel.swift */; };
		C371C00E290FF7A0001772FB /* WriteViewModel.swift in Sources */ = {isa = PBXBuildFile; fileRef = C371C00D290FF79F001772FB /* WriteViewModel.swift */; };
		C371C010290FF7C3001772FB /* Memo.swift in Sources */ = {isa = PBXBuildFile; fileRef = C371C00F290FF7C3001772FB /* Memo.swift */; };
		C371C012290FFAEA001772FB /* MemoWriteView.swift in Sources */ = {isa = PBXBuildFile; fileRef = C371C011290FFAEA001772FB /* MemoWriteView.swift */; };
		C371C014290FFAF1001772FB /* MemoWriteViewController.swift in Sources */ = {isa = PBXBuildFile; fileRef = C371C013290FFAF1001772FB /* MemoWriteViewController.swift */; };
/* End PBXBuildFile section */

/* Begin PBXFileReference section */
		C371BFDA290FF358001772FB /* MyMemoApp.app */ = {isa = PBXFileReference; explicitFileType = wrapper.application; includeInIndex = 0; path = MyMemoApp.app; sourceTree = BUILT_PRODUCTS_DIR; };
		C371BFDD290FF358001772FB /* AppDelegate.swift */ = {isa = PBXFileReference; lastKnownFileType = sourcecode.swift; path = AppDelegate.swift; sourceTree = "<group>"; };
		C371BFDF290FF358001772FB /* SceneDelegate.swift */ = {isa = PBXFileReference; lastKnownFileType = sourcecode.swift; path = SceneDelegate.swift; sourceTree = "<group>"; };
		C371BFE4290FF358001772FB /* Base */ = {isa = PBXFileReference; lastKnownFileType = file.storyboard; name = Base; path = Base.lproj/Main.storyboard; sourceTree = "<group>"; };
		C371BFE6290FF359001772FB /* Assets.xcassets */ = {isa = PBXFileReference; lastKnownFileType = folder.assetcatalog; path = Assets.xcassets; sourceTree = "<group>"; };
		C371BFE9290FF359001772FB /* Base */ = {isa = PBXFileReference; lastKnownFileType = file.storyboard; name = Base; path = Base.lproj/LaunchScreen.storyboard; sourceTree = "<group>"; };
		C371BFEB290FF359001772FB /* Info.plist */ = {isa = PBXFileReference; lastKnownFileType = text.plist.xml; path = Info.plist; sourceTree = "<group>"; };
		C371BFF7290FF3C3001772FB /* Explan */ = {isa = PBXFileReference; lastKnownFileType = text; path = Explan; sourceTree = "<group>"; };
		C371BFF9290FF3E8001772FB /* BaseView.swift */ = {isa = PBXFileReference; lastKnownFileType = sourcecode.swift; path = BaseView.swift; sourceTree = "<group>"; };
		C371BFFB290FF3F5001772FB /* BaseViewController.swift */ = {isa = PBXFileReference; lastKnownFileType = sourcecode.swift; path = BaseViewController.swift; sourceTree = "<group>"; };
		C371C005290FF6BF001772FB /* MemoMainViewController.swift */ = {isa = PBXFileReference; lastKnownFileType = sourcecode.swift; path = MemoMainViewController.swift; sourceTree = "<group>"; };
		C371C007290FF6C6001772FB /* MemoMainView.swift */ = {isa = PBXFileReference; lastKnownFileType = sourcecode.swift; path = MemoMainView.swift; sourceTree = "<group>"; };
		C371C009290FF77C001772FB /* Observable.swift */ = {isa = PBXFileReference; lastKnownFileType = sourcecode.swift; path = Observable.swift; sourceTree = "<group>"; };
		C371C00B290FF79A001772FB /* MainViewModel.swift */ = {isa = PBXFileReference; lastKnownFileType = sourcecode.swift; path = MainViewModel.swift; sourceTree = "<group>"; };
		C371C00D290FF79F001772FB /* WriteViewModel.swift */ = {isa = PBXFileReference; lastKnownFileType = sourcecode.swift; path = WriteViewModel.swift; sourceTree = "<group>"; };
		C371C00F290FF7C3001772FB /* Memo.swift */ = {isa = PBXFileReference; lastKnownFileType = sourcecode.swift; path = Memo.swift; sourceTree = "<group>"; };
		C371C011290FFAEA001772FB /* MemoWriteView.swift */ = {isa = PBXFileReference; lastKnownFileType = sourcecode.swift; path = MemoWriteView.swift; sourceTree = "<group>"; };
		C371C013290FFAF1001772FB /* MemoWriteViewController.swift */ = {isa = PBXFileReference; lastKnownFileType = sourcecode.swift; path = MemoWriteViewController.swift; sourceTree = "<group>"; };
/* End PBXFileReference section */

/* Begin PBXFrameworksBuildPhase section */
		C371BFD7290FF358001772FB /* Frameworks */ = {
			isa = PBXFrameworksBuildPhase;
			buildActionMask = 2147483647;
			files = (
				C371C004290FF443001772FB /* RealmSwift in Frameworks */,
				C371C002290FF443001772FB /* Realm in Frameworks */,
				C371BFFF290FF413001772FB /* SnapKit in Frameworks */,
			);
			runOnlyForDeploymentPostprocessing = 0;
		};
/* End PBXFrameworksBuildPhase section */

/* Begin PBXGroup section */
		C371BFD1290FF358001772FB = {
			isa = PBXGroup;
			children = (
				C371BFDC290FF358001772FB /* MyMemoApp */,
				C371BFDB290FF358001772FB /* Products */,
			);
			sourceTree = "<group>";
		};
		C371BFDB290FF358001772FB /* Products */ = {
			isa = PBXGroup;
			children = (
				C371BFDA290FF358001772FB /* MyMemoApp.app */,
			);
			name = Products;
			sourceTree = "<group>";
		};
		C371BFDC290FF358001772FB /* MyMemoApp */ = {
			isa = PBXGroup;
			children = (
				C371BFF6290FF390001772FB /* Realm */,
				C371BFF5290FF388001772FB /* Utility */,
				C371BFF4290FF37E001772FB /* ViewModel */,
				C371BFF3290FF379001772FB /* View */,
				C371BFF1290FF36B001772FB /* Model */,
				C371BFDD290FF358001772FB /* AppDelegate.swift */,
				C371BFDF290FF358001772FB /* SceneDelegate.swift */,
				C371BFE3290FF358001772FB /* Main.storyboard */,
				C371BFE6290FF359001772FB /* Assets.xcassets */,
				C371BFE8290FF359001772FB /* LaunchScreen.storyboard */,
				C371BFEB290FF359001772FB /* Info.plist */,
				C371BFF7290FF3C3001772FB /* Explan */,
			);
			path = MyMemoApp;
			sourceTree = "<group>";
		};
		C371BFF1290FF36B001772FB /* Model */ = {
			isa = PBXGroup;
			children = (
			);
			path = Model;
			sourceTree = "<group>";
		};
		C371BFF3290FF379001772FB /* View */ = {
			isa = PBXGroup;
			children = (
				C371BFF9290FF3E8001772FB /* BaseView.swift */,
				C371BFFB290FF3F5001772FB /* BaseViewController.swift */,
				C371C005290FF6BF001772FB /* MemoMainViewController.swift */,
				C371C007290FF6C6001772FB /* MemoMainView.swift */,
				C371C011290FFAEA001772FB /* MemoWriteView.swift */,
				C371C013290FFAF1001772FB /* MemoWriteViewController.swift */,
			);
			path = View;
			sourceTree = "<group>";
		};
		C371BFF4290FF37E001772FB /* ViewModel */ = {
			isa = PBXGroup;
			children = (
				C371C00B290FF79A001772FB /* MainViewModel.swift */,
				C371C00D290FF79F001772FB /* WriteViewModel.swift */,
			);
			path = ViewModel;
			sourceTree = "<group>";
		};
		C371BFF5290FF388001772FB /* Utility */ = {
			isa = PBXGroup;
			children = (
				C371C009290FF77C001772FB /* Observable.swift */,
			);
			path = Utility;
			sourceTree = "<group>";
		};
		C371BFF6290FF390001772FB /* Realm */ = {
			isa = PBXGroup;
			children = (
				C371C00F290FF7C3001772FB /* Memo.swift */,
			);
			path = Realm;
			sourceTree = "<group>";
		};
/* End PBXGroup section */

/* Begin PBXNativeTarget section */
		C371BFD9290FF358001772FB /* MyMemoApp */ = {
			isa = PBXNativeTarget;
			buildConfigurationList = C371BFEE290FF359001772FB /* Build configuration list for PBXNativeTarget "MyMemoApp" */;
			buildPhases = (
				C371BFD6290FF358001772FB /* Sources */,
				C371BFD7290FF358001772FB /* Frameworks */,
				C371BFD8290FF358001772FB /* Resources */,
			);
			buildRules = (
			);
			dependencies = (
			);
			name = MyMemoApp;
			packageProductDependencies = (
				C371BFFE290FF413001772FB /* SnapKit */,
				C371C001290FF443001772FB /* Realm */,
				C371C003290FF443001772FB /* RealmSwift */,
			);
			productName = MyMemoApp;
			productReference = C371BFDA290FF358001772FB /* MyMemoApp.app */;
			productType = "com.apple.product-type.application";
		};
/* End PBXNativeTarget section */

/* Begin PBXProject section */
		C371BFD2290FF358001772FB /* Project object */ = {
			isa = PBXProject;
			attributes = {
				BuildIndependentTargetsInParallel = 1;
				LastSwiftUpdateCheck = 1400;
				LastUpgradeCheck = 1400;
				TargetAttributes = {
					C371BFD9290FF358001772FB = {
						CreatedOnToolsVersion = 14.0.1;
					};
				};
			};
			buildConfigurationList = C371BFD5290FF358001772FB /* Build configuration list for PBXProject "MyMemoApp" */;
			compatibilityVersion = "Xcode 14.0";
			developmentRegion = en;
			hasScannedForEncodings = 0;
			knownRegions = (
				en,
				Base,
			);
			mainGroup = C371BFD1290FF358001772FB;
			packageReferences = (
				C371BFFD290FF413001772FB /* XCRemoteSwiftPackageReference "SnapKit" */,
				C371C000290FF443001772FB /* XCRemoteSwiftPackageReference "realm-swift" */,
			);
			productRefGroup = C371BFDB290FF358001772FB /* Products */;
			projectDirPath = "";
			projectRoot = "";
			targets = (
				C371BFD9290FF358001772FB /* MyMemoApp */,
			);
		};
/* End PBXProject section */

/* Begin PBXResourcesBuildPhase section */
		C371BFD8290FF358001772FB /* Resources */ = {
			isa = PBXResourcesBuildPhase;
			buildActionMask = 2147483647;
			files = (
				C371BFEA290FF359001772FB /* LaunchScreen.storyboard in Resources */,
				C371BFE7290FF359001772FB /* Assets.xcassets in Resources */,
				C371BFF8290FF3C3001772FB /* Explan in Resources */,
				C371BFE5290FF358001772FB /* Main.storyboard in Resources */,
			);
			runOnlyForDeploymentPostprocessing = 0;
		};
/* End PBXResourcesBuildPhase section */

/* Begin PBXSourcesBuildPhase section */
		C371BFD6290FF358001772FB /* Sources */ = {
			isa = PBXSourcesBuildPhase;
			buildActionMask = 2147483647;
			files = (
				C371C00E290FF7A0001772FB /* WriteViewModel.swift in Sources */,
				C371BFFA290FF3E8001772FB /* BaseView.swift in Sources */,
				C371BFFC290FF3F5001772FB /* BaseViewController.swift in Sources */,
				C371C006290FF6BF001772FB /* MemoMainViewController.swift in Sources */,
				C371C014290FFAF1001772FB /* MemoWriteViewController.swift in Sources */,
				C371C00A290FF77C001772FB /* Observable.swift in Sources */,
				C371BFDE290FF358001772FB /* AppDelegate.swift in Sources */,
				C371BFE0290FF358001772FB /* SceneDelegate.swift in Sources */,
				C371C012290FFAEA001772FB /* MemoWriteView.swift in Sources */,
				C371C008290FF6C6001772FB /* MemoMainView.swift in Sources */,
				C371C00C290FF79A001772FB /* MainViewModel.swift in Sources */,
				C371C010290FF7C3001772FB /* Memo.swift in Sources */,
			);
			runOnlyForDeploymentPostprocessing = 0;
		};
/* End PBXSourcesBuildPhase section */

/* Begin PBXVariantGroup section */
		C371BFE3290FF358001772FB /* Main.storyboard */ = {
			isa = PBXVariantGroup;
			children = (
				C371BFE4290FF358001772FB /* Base */,
			);
			name = Main.storyboard;
			sourceTree = "<group>";
		};
		C371BFE8290FF359001772FB /* LaunchScreen.storyboard */ = {
			isa = PBXVariantGroup;
			children = (
				C371BFE9290FF359001772FB /* Base */,
			);
			name = LaunchScreen.storyboard;
			sourceTree = "<group>";
		};
/* End PBXVariantGroup section */

/* Begin XCBuildConfiguration section */
		C371BFEC290FF359001772FB /* Debug */ = {
			isa = XCBuildConfiguration;
			buildSettings = {
				ALWAYS_SEARCH_USER_PATHS = NO;
				CLANG_ANALYZER_NONNULL = YES;
				CLANG_ANALYZER_NUMBER_OBJECT_CONVERSION = YES_AGGRESSIVE;
				CLANG_CXX_LANGUAGE_STANDARD = "gnu++20";
				CLANG_ENABLE_MODULES = YES;
				CLANG_ENABLE_OBJC_ARC = YES;
				CLANG_ENABLE_OBJC_WEAK = YES;
				CLANG_WARN_BLOCK_CAPTURE_AUTORELEASING = YES;
				CLANG_WARN_BOOL_CONVERSION = YES;
				CLANG_WARN_COMMA = YES;
				CLANG_WARN_CONSTANT_CONVERSION = YES;
				CLANG_WARN_DEPRECATED_OBJC_IMPLEMENTATIONS = YES;
				CLANG_WARN_DIRECT_OBJC_ISA_USAGE = YES_ERROR;
				CLANG_WARN_DOCUMENTATION_COMMENTS = YES;
				CLANG_WARN_EMPTY_BODY = YES;
				CLANG_WARN_ENUM_CONVERSION = YES;
				CLANG_WARN_INFINITE_RECURSION = YES;
				CLANG_WARN_INT_CONVERSION = YES;
				CLANG_WARN_NON_LITERAL_NULL_CONVERSION = YES;
				CLANG_WARN_OBJC_IMPLICIT_RETAIN_SELF = YES;
				CLANG_WARN_OBJC_LITERAL_CONVERSION = YES;
				CLANG_WARN_OBJC_ROOT_CLASS = YES_ERROR;
				CLANG_WARN_QUOTED_INCLUDE_IN_FRAMEWORK_HEADER = YES;
				CLANG_WARN_RANGE_LOOP_ANALYSIS = YES;
				CLANG_WARN_STRICT_PROTOTYPES = YES;
				CLANG_WARN_SUSPICIOUS_MOVE = YES;
				CLANG_WARN_UNGUARDED_AVAILABILITY = YES_AGGRESSIVE;
				CLANG_WARN_UNREACHABLE_CODE = YES;
				CLANG_WARN__DUPLICATE_METHOD_MATCH = YES;
				COPY_PHASE_STRIP = NO;
				DEBUG_INFORMATION_FORMAT = dwarf;
				ENABLE_STRICT_OBJC_MSGSEND = YES;
				ENABLE_TESTABILITY = YES;
				GCC_C_LANGUAGE_STANDARD = gnu11;
				GCC_DYNAMIC_NO_PIC = NO;
				GCC_NO_COMMON_BLOCKS = YES;
				GCC_OPTIMIZATION_LEVEL = 0;
				GCC_PREPROCESSOR_DEFINITIONS = (
					"DEBUG=1",
					"$(inherited)",
				);
				GCC_WARN_64_TO_32_BIT_CONVERSION = YES;
				GCC_WARN_ABOUT_RETURN_TYPE = YES_ERROR;
				GCC_WARN_UNDECLARED_SELECTOR = YES;
				GCC_WARN_UNINITIALIZED_AUTOS = YES_AGGRESSIVE;
				GCC_WARN_UNUSED_FUNCTION = YES;
				GCC_WARN_UNUSED_VARIABLE = YES;
				IPHONEOS_DEPLOYMENT_TARGET = 16.0;
				MTL_ENABLE_DEBUG_INFO = INCLUDE_SOURCE;
				MTL_FAST_MATH = YES;
				ONLY_ACTIVE_ARCH = YES;
				SDKROOT = iphoneos;
				SWIFT_ACTIVE_COMPILATION_CONDITIONS = DEBUG;
				SWIFT_OPTIMIZATION_LEVEL = "-Onone";
			};
			name = Debug;
		};
		C371BFED290FF359001772FB /* Release */ = {
			isa = XCBuildConfiguration;
			buildSettings = {
				ALWAYS_SEARCH_USER_PATHS = NO;
				CLANG_ANALYZER_NONNULL = YES;
				CLANG_ANALYZER_NUMBER_OBJECT_CONVERSION = YES_AGGRESSIVE;
				CLANG_CXX_LANGUAGE_STANDARD = "gnu++20";
				CLANG_ENABLE_MODULES = YES;
				CLANG_ENABLE_OBJC_ARC = YES;
				CLANG_ENABLE_OBJC_WEAK = YES;
				CLANG_WARN_BLOCK_CAPTURE_AUTORELEASING = YES;
				CLANG_WARN_BOOL_CONVERSION = YES;
				CLANG_WARN_COMMA = YES;
				CLANG_WARN_CONSTANT_CONVERSION = YES;
				CLANG_WARN_DEPRECATED_OBJC_IMPLEMENTATIONS = YES;
				CLANG_WARN_DIRECT_OBJC_ISA_USAGE = YES_ERROR;
				CLANG_WARN_DOCUMENTATION_COMMENTS = YES;
				CLANG_WARN_EMPTY_BODY = YES;
				CLANG_WARN_ENUM_CONVERSION = YES;
				CLANG_WARN_INFINITE_RECURSION = YES;
				CLANG_WARN_INT_CONVERSION = YES;
				CLANG_WARN_NON_LITERAL_NULL_CONVERSION = YES;
				CLANG_WARN_OBJC_IMPLICIT_RETAIN_SELF = YES;
				CLANG_WARN_OBJC_LITERAL_CONVERSION = YES;
				CLANG_WARN_OBJC_ROOT_CLASS = YES_ERROR;
				CLANG_WARN_QUOTED_INCLUDE_IN_FRAMEWORK_HEADER = YES;
				CLANG_WARN_RANGE_LOOP_ANALYSIS = YES;
				CLANG_WARN_STRICT_PROTOTYPES = YES;
				CLANG_WARN_SUSPICIOUS_MOVE = YES;
				CLANG_WARN_UNGUARDED_AVAILABILITY = YES_AGGRESSIVE;
				CLANG_WARN_UNREACHABLE_CODE = YES;
				CLANG_WARN__DUPLICATE_METHOD_MATCH = YES;
				COPY_PHASE_STRIP = NO;
				DEBUG_INFORMATION_FORMAT = "dwarf-with-dsym";
				ENABLE_NS_ASSERTIONS = NO;
				ENABLE_STRICT_OBJC_MSGSEND = YES;
				GCC_C_LANGUAGE_STANDARD = gnu11;
				GCC_NO_COMMON_BLOCKS = YES;
				GCC_WARN_64_TO_32_BIT_CONVERSION = YES;
				GCC_WARN_ABOUT_RETURN_TYPE = YES_ERROR;
				GCC_WARN_UNDECLARED_SELECTOR = YES;
				GCC_WARN_UNINITIALIZED_AUTOS = YES_AGGRESSIVE;
				GCC_WARN_UNUSED_FUNCTION = YES;
				GCC_WARN_UNUSED_VARIABLE = YES;
				IPHONEOS_DEPLOYMENT_TARGET = 16.0;
				MTL_ENABLE_DEBUG_INFO = NO;
				MTL_FAST_MATH = YES;
				SDKROOT = iphoneos;
				SWIFT_COMPILATION_MODE = wholemodule;
				SWIFT_OPTIMIZATION_LEVEL = "-O";
				VALIDATE_PRODUCT = YES;
			};
			name = Release;
		};
		C371BFEF290FF359001772FB /* Debug */ = {
			isa = XCBuildConfiguration;
			buildSettings = {
				ASSETCATALOG_COMPILER_APPICON_NAME = AppIcon;
				ASSETCATALOG_COMPILER_GLOBAL_ACCENT_COLOR_NAME = AccentColor;
				CODE_SIGN_STYLE = Automatic;
				CURRENT_PROJECT_VERSION = 1;
				DEVELOPMENT_TEAM = 48S4T8HCYX;
				GENERATE_INFOPLIST_FILE = YES;
				INFOPLIST_FILE = MyMemoApp/Info.plist;
				INFOPLIST_KEY_UIApplicationSupportsIndirectInputEvents = YES;
				INFOPLIST_KEY_UILaunchStoryboardName = LaunchScreen;
				INFOPLIST_KEY_UIMainStoryboardFile = Main;
				INFOPLIST_KEY_UISupportedInterfaceOrientations_iPad = "UIInterfaceOrientationPortrait UIInterfaceOrientationPortraitUpsideDown UIInterfaceOrientationLandscapeLeft UIInterfaceOrientationLandscapeRight";
				INFOPLIST_KEY_UISupportedInterfaceOrientations_iPhone = "UIInterfaceOrientationPortrait UIInterfaceOrientationLandscapeLeft UIInterfaceOrientationLandscapeRight";
				LD_RUNPATH_SEARCH_PATHS = (
					"$(inherited)",
					"@executable_path/Frameworks",
				);
				MARKETING_VERSION = 1.0;
				PRODUCT_BUNDLE_IDENTIFIER = com.jun.MyMemoApp;
				PRODUCT_NAME = "$(TARGET_NAME)";
				SWIFT_EMIT_LOC_STRINGS = YES;
				SWIFT_VERSION = 5.0;
				TARGETED_DEVICE_FAMILY = "1,2";
			};
			name = Debug;
		};
		C371BFF0290FF359001772FB /* Release */ = {
			isa = XCBuildConfiguration;
			buildSettings = {
				ASSETCATALOG_COMPILER_APPICON_NAME = AppIcon;
				ASSETCATALOG_COMPILER_GLOBAL_ACCENT_COLOR_NAME = AccentColor;
				CODE_SIGN_STYLE = Automatic;
				CURRENT_PROJECT_VERSION = 1;
				DEVELOPMENT_TEAM = 48S4T8HCYX;
				GENERATE_INFOPLIST_FILE = YES;
				INFOPLIST_FILE = MyMemoApp/Info.plist;
				INFOPLIST_KEY_UIApplicationSupportsIndirectInputEvents = YES;
				INFOPLIST_KEY_UILaunchStoryboardName = LaunchScreen;
				INFOPLIST_KEY_UIMainStoryboardFile = Main;
				INFOPLIST_KEY_UISupportedInterfaceOrientations_iPad = "UIInterfaceOrientationPortrait UIInterfaceOrientationPortraitUpsideDown UIInterfaceOrientationLandscapeLeft UIInterfaceOrientationLandscapeRight";
				INFOPLIST_KEY_UISupportedInterfaceOrientations_iPhone = "UIInterfaceOrientationPortrait UIInterfaceOrientationLandscapeLeft UIInterfaceOrientationLandscapeRight";
				LD_RUNPATH_SEARCH_PATHS = (
					"$(inherited)",
					"@executable_path/Frameworks",
				);
				MARKETING_VERSION = 1.0;
				PRODUCT_BUNDLE_IDENTIFIER = com.jun.MyMemoApp;
				PRODUCT_NAME = "$(TARGET_NAME)";
				SWIFT_EMIT_LOC_STRINGS = YES;
				SWIFT_VERSION = 5.0;
				TARGETED_DEVICE_FAMILY = "1,2";
			};
			name = Release;
		};
/* End XCBuildConfiguration section */

/* Begin XCConfigurationList section */
		C371BFD5290FF358001772FB /* Build configuration list for PBXProject "MyMemoApp" */ = {
			isa = XCConfigurationList;
			buildConfigurations = (
				C371BFEC290FF359001772FB /* Debug */,
				C371BFED290FF359001772FB /* Release */,
			);
			defaultConfigurationIsVisible = 0;
			defaultConfigurationName = Release;
		};
		C371BFEE290FF359001772FB /* Build configuration list for PBXNativeTarget "MyMemoApp" */ = {
			isa = XCConfigurationList;
			buildConfigurations = (
				C371BFEF290FF359001772FB /* Debug */,
				C371BFF0290FF359001772FB /* Release */,
			);
			defaultConfigurationIsVisible = 0;
			defaultConfigurationName = Release;
		};
/* End XCConfigurationList section */

/* Begin XCRemoteSwiftPackageReference section */
		C371BFFD290FF413001772FB /* XCRemoteSwiftPackageReference "SnapKit" */ = {
			isa = XCRemoteSwiftPackageReference;
			repositoryURL = "https://github.com/SnapKit/SnapKit.git";
			requirement = {
				kind = upToNextMajorVersion;
				minimumVersion = 5.0.0;
			};
		};
		C371C000290FF443001772FB /* XCRemoteSwiftPackageReference "realm-swift" */ = {
			isa = XCRemoteSwiftPackageReference;
			repositoryURL = "https://github.com/realm/realm-swift.git";
			requirement = {
				kind = upToNextMajorVersion;
				minimumVersion = 10.0.0;
			};
		};
/* End XCRemoteSwiftPackageReference section */

/* Begin XCSwiftPackageProductDependency section */
		C371BFFE290FF413001772FB /* SnapKit */ = {
			isa = XCSwiftPackageProductDependency;
			package = C371BFFD290FF413001772FB /* XCRemoteSwiftPackageReference "SnapKit" */;
			productName = SnapKit;
		};
		C371C001290FF443001772FB /* Realm */ = {
			isa = XCSwiftPackageProductDependency;
			package = C371C000290FF443001772FB /* XCRemoteSwiftPackageReference "realm-swift" */;
			productName = Realm;
		};
		C371C003290FF443001772FB /* RealmSwift */ = {
			isa = XCSwiftPackageProductDependency;
			package = C371C000290FF443001772FB /* XCRemoteSwiftPackageReference "realm-swift" */;
			productName = RealmSwift;
		};
/* End XCSwiftPackageProductDependency section */
	};
	rootObject = C371BFD2290FF358001772FB /* Project object */;
}
